<?xml version="1.0" encoding="utf-8"?>
<Project ToolsVersion="4.0" xmlns="http://schemas.microsoft.com/developer/msbuild/2003">
  <ItemGroup>
    <Filter Include="Resource Files">
      <UniqueIdentifier>{D9D6E242-F8AF-46E4-B9FD-80ECBC20BA3E}</UniqueIdentifier>
      <Extensions>qrc;*</Extensions>
      <ParseFiles>false</ParseFiles>
    </Filter>
    <Filter Include="Form Files">
      <UniqueIdentifier>{99349809-55BA-4b9d-BF79-8FDBB0286EB3}</UniqueIdentifier>
      <Extensions>ui</Extensions>
    </Filter>
    <Filter Include="Resource Files">
      <UniqueIdentifier>{D9D6E242-F8AF-46E4-B9FD-80ECBC20BA3E}</UniqueIdentifier>
      <Extensions>qrc;*</Extensions>
      <ParseFiles>false</ParseFiles>
    </Filter>
    <Filter Include="Generated Files">
      <UniqueIdentifier>{71ED8ED8-ACB9-4CE9-BBE1-E00B30144E11}</UniqueIdentifier>
      <Extensions>moc;h;cpp</Extensions>
      <SourceControlFiles>False</SourceControlFiles>
    </Filter>
    <Filter Include="public">
      <UniqueIdentifier>{93995380-89BD-4b04-88EB-625FBE52EBFB}</UniqueIdentifier>
      <Extensions>h;hh;hpp;hxx;hm;inl;inc;xsd</Extensions>
    </Filter>
    <Filter Include="public\publicHeaders">
      <UniqueIdentifier>{accbcda0-a38a-4dad-858e-ddc6a97b9692}</UniqueIdentifier>
    </Filter>
    <Filter Include="public\lib">
      <UniqueIdentifier>{3eba4a28-4a96-4fb7-90d1-5f729f7e7346}</UniqueIdentifier>
    </Filter>
    <Filter Include="public\utility">
      <UniqueIdentifier>{6442bf5d-ba88-4875-99ec-76643798f1fe}</UniqueIdentifier>
    </Filter>
    <Filter Include="Source Files">
      <UniqueIdentifier>{4FC737F1-C7A5-4376-A066-2A32D752A2FF}</UniqueIdentifier>
      <Extensions>cpp;c;cc;cxx;def;odl;idl;hpj;bat;asm;asmx</Extensions>
    </Filter>
    <Filter Include="Header Files">
      <UniqueIdentifier>{55a49b35-4a50-473f-9092-d3b2d2d3cbf1}</UniqueIdentifier>
    </Filter>
  </ItemGroup>
  <ItemGroup>
    <ClCompile Include="stdafx.cpp">
      <Filter>Source Files</Filter>
    </ClCompile>
    <ClCompile Include="..\Public\lib\tinyxml2.cpp">
      <Filter>public\lib</Filter>
    </ClCompile>
    <ClCompile Include="simotioncontroller.cpp">
      <Filter>Source Files</Filter>
    </ClCompile>
    <ClCompile Include="setupdataparser.cpp">
      <Filter>Source Files</Filter>
    </ClCompile>
    <ClCompile Include="linescainterface.cpp">
      <Filter>Source Files</Filter>
    </ClCompile>
    <ClCompile Include="linedetscanwidget.cpp">
      <Filter>Source Files</Filter>
    </ClCompile>
    <ClCompile Include="linedetscaninterface.cpp">
      <Filter>Source Files</Filter>
    </ClCompile>
    <ClCompile Include="linedetnetwork.cpp">
      <Filter>Source Files</Filter>
    </ClCompile>
    <ClCompile Include="linedetimageprocess.cpp">
      <Filter>Source Files</Filter>
    </ClCompile>
    <ClCompile Include="linedetairtune.cpp">
      <Filter>Source Files</Filter>
    </ClCompile>
    <ClCompile Include="imageprocess.cpp">
      <Filter>Source Files</Filter>
    </ClCompile>
    <ClCompile Include="ct3scan.cpp">
      <Filter>Source Files</Filter>
    </ClCompile>
    <ClCompile Include="controllerinterface.cpp">
      <Filter>Source Files</Filter>
    </ClCompile>
    <ClCompile Include="conescanwidget.cpp">
      <Filter>Source Files</Filter>
    </ClCompile>
    <ClCompile Include="conescaninterface.cpp">
      <Filter>Source Files</Filter>
    </ClCompile>
    <ClCompile Include="conescan.cpp">
      <Filter>Source Files</Filter>
    </ClCompile>
    <ClCompile Include="conecontinusscan.cpp">
      <Filter>Source Files</Filter>
    </ClCompile>
    <ClCompile Include="..\Public\util\functions.cpp">
      <Filter>public\utility</Filter>
    </ClCompile>
    <ClCompile Include="..\Public\util\iulog.cpp">
      <Filter>public\utility</Filter>
    </ClCompile>
    <ClCompile Include="..\Public\util\serialportinterface.cpp">
      <Filter>public\utility</Filter>
    </ClCompile>
    <ClCompile Include="..\Public\util\serialportutil.cpp">
      <Filter>public\utility</Filter>
    </ClCompile>
    <ClCompile Include="..\Public\util\tcpclient.cpp">
      <Filter>public\utility</Filter>
    </ClCompile>
    <ClCompile Include="..\Public\util\tcpserver.cpp">
      <Filter>public\utility</Filter>
    </ClCompile>
    <ClCompile Include="..\Public\util\thread.cpp">
      <Filter>public\utility</Filter>
    </ClCompile>
    <ClCompile Include="linedetbkgtune.cpp">
      <Filter>Source Files</Filter>
    </ClCompile>
    <ClCompile Include="drscan.cpp">
      <Filter>Source Files</Filter>
    </ClCompile>
    <ClCompile Include="ct2scan.cpp">
      <Filter>Source Files</Filter>
    </ClCompile>
    <ClCompile Include="ctscanexport.cpp">
      <Filter>Source Files</Filter>
    </ClCompile>
    <ClCompile Include="motorwidget.cpp">
      <Filter>Source Files</Filter>
    </ClCompile>
    <ClCompile Include="ctscanapp.cpp">
      <Filter>Source Files</Filter>
    </ClCompile>
    <ClCompile Include="ctscanwidget.cpp">
      <Filter>Source Files</Filter>
    </ClCompile>
    <ClCompile Include="..\Public\util\logmacro.cpp">
      <Filter>public\utility</Filter>
    </ClCompile>
    <ClCompile Include="msglistboxdialog.cpp">
      <Filter>Source Files</Filter>
    </ClCompile>
    <ClCompile Include="acceleratorwidget.cpp">
      <Filter>Source Files</Filter>
    </ClCompile>
    <ClCompile Include="floatacceleratordialog.cpp">
      <Filter>Source Files</Filter>
    </ClCompile>
    <ClCompile Include="ct3AddModifyDialog.cpp">
      <Filter>Source Files</Filter>
    </ClCompile>
    <ClCompile Include="linedetairdisposedialog.cpp">
      <Filter>Source Files</Filter>
    </ClCompile>
    <ClCompile Include="..\Public\util\messagebox.cpp">
      <Filter>public\utility</Filter>
    </ClCompile>
    <ClCompile Include="addmodifyairdisposedialog.cpp">
      <Filter>Source Files</Filter>
    </ClCompile>
    <ClCompile Include="scantemplate.cpp">
      <Filter>Source Files</Filter>
    </ClCompile>
    <ClCompile Include="filedb.cpp">
      <Filter>Source Files</Filter>
    </ClCompile>
    <ClCompile Include="linedetscanmanager.cpp">
      <Filter>Source Files</Filter>
    </ClCompile>
    <ClCompile Include="ct3templatemanager.cpp">
      <Filter>Source Files</Filter>
    </ClCompile>
    <ClCompile Include="ct3templatedialog.cpp">
      <Filter>Source Files</Filter>
    </ClCompile>
    <ClCompile Include="paneldetscanmanager.cpp">
      <Filter>Source Files</Filter>
    </ClCompile>
    <ClCompile Include="panelframeshot.cpp">
      <Filter>Source Files</Filter>
    </ClCompile>
    <ClCompile Include="imagedialog.cpp">
      <Filter>Source Files</Filter>
    </ClCompile>
    <ClCompile Include="imagedialogmanager.cpp">
      <Filter>Source Files</Filter>
    </ClCompile>
  </ItemGroup>
  <ItemGroup>
    <ClInclude Include="..\Public\lib\tinyxml2.h">
      <Filter>public\lib</Filter>
    </ClInclude>
    <ClInclude Include="..\Public\util\functions.h">
      <Filter>public\utility</Filter>
    </ClInclude>
    <ClInclude Include="..\Public\util\iulog.h">
      <Filter>public\utility</Filter>
    </ClInclude>
    <ClInclude Include="..\Public\util\serialportinterface.h">
      <Filter>public\utility</Filter>
    </ClInclude>
    <ClInclude Include="..\Public\util\thread.h">
      <Filter>public\utility</Filter>
    </ClInclude>
    <ClInclude Include="..\Public\headers\commandqueue.h">
      <Filter>public\publicHeaders</Filter>
    </ClInclude>
    <ClInclude Include="..\Public\headers\ctrldata.h">
      <Filter>public\publicHeaders</Filter>
    </ClInclude>
    <ClInclude Include="..\Public\headers\ictheader.h">
      <Filter>public\publicHeaders</Filter>
    </ClInclude>
    <ClInclude Include="..\Public\headers\list.h">
      <Filter>public\publicHeaders</Filter>
    </ClInclude>
    <ClInclude Include="..\Public\headers\machineType.h">
      <Filter>public\publicHeaders</Filter>
    </ClInclude>
    <ClInclude Include="..\Public\headers\setupdata.h">
      <Filter>public\publicHeaders</Filter>
    </ClInclude>
    <ClInclude Include="..\Public\headers\panelimageprocess.h">
      <Filter>public\publicHeaders</Filter>
    </ClInclude>
    <ClInclude Include="..\Public\util\stdafx.h">
      <Filter>public\publicHeaders</Filter>
    </ClInclude>
    <ClInclude Include="..\Public\util\tcpserver.h">
      <Filter>public\utility</Filter>
    </ClInclude>
    <ClInclude Include="..\Public\util\logmacro.h">
      <Filter>public\utility</Filter>
    </ClInclude>
    <ClInclude Include="conecontinusscan.h">
      <Filter>Header Files</Filter>
    </ClInclude>
    <ClInclude Include="conescan.h">
      <Filter>Header Files</Filter>
    </ClInclude>
    <ClInclude Include="createDumpFile.h">
      <Filter>Header Files</Filter>
    </ClInclude>
    <ClInclude Include="ct2scan.h">
      <Filter>Header Files</Filter>
    </ClInclude>
    <ClInclude Include="ct3Scan.h">
      <Filter>Header Files</Filter>
    </ClInclude>
    <ClInclude Include="ctscan_global.h">
      <Filter>Header Files</Filter>
    </ClInclude>
    <ClInclude Include="drscan.h">
      <Filter>Header Files</Filter>
    </ClInclude>
    <ClInclude Include="imageprocess.h">
      <Filter>Header Files</Filter>
    </ClInclude>
    <ClInclude Include="linedetairtune.h">
      <Filter>Header Files</Filter>
    </ClInclude>
    <ClInclude Include="linedetbkgtune.h">
      <Filter>Header Files</Filter>
    </ClInclude>
    <ClInclude Include="linedetimageprocess.h">
      <Filter>Header Files</Filter>
    </ClInclude>
    <ClInclude Include="linescaninterface.h">
      <Filter>Header Files</Filter>
    </ClInclude>
    <ClInclude Include="resource.h">
      <Filter>Header Files</Filter>
    </ClInclude>
    <ClInclude Include="simotioncontroller.h">
      <Filter>Header Files</Filter>
    </ClInclude>
    <ClInclude Include="stdafx.h">
      <Filter>Header Files</Filter>
    </ClInclude>
    <ClInclude Include="..\Public\util\messagebox.h">
      <Filter>public\utility</Filter>
    </ClInclude>
    <ClInclude Include="scantemplate.h">
      <Filter>Header Files</Filter>
    </ClInclude>
    <ClInclude Include="imagedialogmanager.h">
      <Filter>Header Files</Filter>
    </ClInclude>
  </ItemGroup>
  <ItemGroup>
    <QtMoc Include="..\Public\util\serialportutil.h">
      <Filter>public\utility</Filter>
    </QtMoc>
    <QtMoc Include="..\Public\util\tcpclient.h">
      <Filter>public\utility</Filter>
    </QtMoc>
    <QtMoc Include="acceleratorwidget.h">
      <Filter>Header Files</Filter>
    </QtMoc>
    <QtMoc Include="conescanInterface.h">
      <Filter>Header Files</Filter>
    </QtMoc>
    <QtMoc Include="conescanwidget.h">
      <Filter>Header Files</Filter>
    </QtMoc>
    <QtMoc Include="controllerinterface.h">
      <Filter>Header Files</Filter>
    </QtMoc>
    <QtMoc Include="ctscanapp.h">
      <Filter>Header Files</Filter>
    </QtMoc>
    <QtMoc Include="ctscanexport.h">
      <Filter>Header Files</Filter>
    </QtMoc>
    <QtMoc Include="ctscanwidget.h">
      <Filter>Header Files</Filter>
    </QtMoc>
    <QtMoc Include="linedetnetwork.h">
      <Filter>Header Files</Filter>
    </QtMoc>
    <QtMoc Include="linedetscaninterface.h">
      <Filter>Header Files</Filter>
    </QtMoc>
    <QtMoc Include="linedetscanwidget.h">
      <Filter>Header Files</Filter>
    </QtMoc>
    <QtMoc Include="motorwidget.h">
      <Filter>Header Files</Filter>
    </QtMoc>
    <QtMoc Include="msglistboxdialog.h">
      <Filter>Header Files</Filter>
    </QtMoc>
    <QtMoc Include="setupdataparser.h">
      <Filter>Header Files</Filter>
    </QtMoc>
    <QtMoc Include="ct3AddModifyDialog.h">
      <Filter>Header Files</Filter>
    </QtMoc>
    <QtMoc Include="floatacceleratordialog.h">
      <Filter>Header Files</Filter>
    </QtMoc>
    <QtMoc Include="linedetairdisposedialog.h">
      <Filter>Header Files</Filter>
    </QtMoc>
    <QtMoc Include="addmodifyairdisposedialog.h">
      <Filter>Header Files</Filter>
    </QtMoc>
    <QtMoc Include="ct3templatedialog.h">
      <Filter>Header Files</Filter>
    </QtMoc>
    <QtMoc Include="ct3templatemanager.h">
      <Filter>Header Files</Filter>
    </QtMoc>
    <QtMoc Include="filedb.h">
      <Filter>Header Files</Filter>
    </QtMoc>
    <QtMoc Include="linedetscanmanager.h">
      <Filter>Header Files</Filter>
    </QtMoc>
    <QtMoc Include="paneldetscanmanager.h">
      <Filter>Header Files</Filter>
    </QtMoc>
    <QtMoc Include="panelframeshot.h">
      <Filter>Header Files</Filter>
    </QtMoc>
    <QtMoc Include="imagedialog.h">
      <Filter>Header Files</Filter>
    </QtMoc>
  </ItemGroup>
  <ItemGroup>
    <QtUic Include="conescanwidget.ui">
      <Filter>Form Files</Filter>
    </QtUic>
    <QtUic Include="linedetscanwidget.ui">
      <Filter>Form Files</Filter>
    </QtUic>
    <QtUic Include="motorwidget.ui">
      <Filter>Form Files</Filter>
    </QtUic>
    <QtUic Include="ctscanwidget.ui">
      <Filter>Form Files</Filter>
    </QtUic>
    <QtUic Include="msglistboxdialog.ui">
      <Filter>Form Files</Filter>
    </QtUic>
    <QtUic Include="Acceleratorwidget.ui">
      <Filter>Form Files</Filter>
    </QtUic>
    <QtUic Include="ct3AddModifyDialog.ui">
      <Filter>Form Files</Filter>
    </QtUic>
    <QtUic Include="linedetairdisposedialog.ui">
      <Filter>Form Files</Filter>
    </QtUic>
    <QtUic Include="addmodifyairdisposedialog.ui">
      <Filter>Form Files</Filter>
    </QtUic>
    <QtUic Include="ct3templatedialog.ui">
      <Filter>Form Files</Filter>
    </QtUic>
    <QtUic Include="imagedialog.ui">
      <Filter>Form Files</Filter>
    </QtUic>
  </ItemGroup>
  <ItemGroup>
    <ResourceCompile Include="CTScan.rc" />
  </ItemGroup>
  <ItemGroup>
    <QtRcc Include="ctscan.qrc">
      <Filter>Source Files</Filter>
    </QtRcc>
  </ItemGroup>
  <ItemGroup>
    <None Include="cpp.hint" />
    <None Include="ClassDiagram.cd" />
  </ItemGroup>
</Project>