<?xml version="1.0" encoding="utf-8"?>
<Project ToolsVersion="4.0" xmlns="http://schemas.microsoft.com/developer/msbuild/2003">
  <ItemGroup>
    <Filter Include="Source Files">
      <UniqueIdentifier>{4FC737F1-C7A5-4376-A066-2A32D752A2FF}</UniqueIdentifier>
      <Extensions>cpp;c;cc;cxx;def;odl;idl;hpj;bat;asm;asmx</Extensions>
    </Filter>
    <Filter Include="Header Files">
      <UniqueIdentifier>{93995380-89BD-4b04-88EB-625FBE52EBFB}</UniqueIdentifier>
      <Extensions>h;hh;hpp;hxx;hm;inl;inc;xsd</Extensions>
    </Filter>
    <Filter Include="Resource Files">
      <UniqueIdentifier>{D9D6E242-F8AF-46E4-B9FD-80ECBC20BA3E}</UniqueIdentifier>
      <Extensions>qrc;*</Extensions>
      <ParseFiles>false</ParseFiles>
    </Filter>
    <Filter Include="Form Files">
      <UniqueIdentifier>{99349809-55BA-4b9d-BF79-8FDBB0286EB3}</UniqueIdentifier>
      <Extensions>ui</Extensions>
    </Filter>
    <Filter Include="Resource Files">
      <UniqueIdentifier>{D9D6E242-F8AF-46E4-B9FD-80ECBC20BA3E}</UniqueIdentifier>
      <Extensions>qrc;*</Extensions>
      <ParseFiles>false</ParseFiles>
    </Filter>
    <Filter Include="Generated Files">
      <UniqueIdentifier>{71ED8ED8-ACB9-4CE9-BBE1-E00B30144E11}</UniqueIdentifier>
      <Extensions>moc;h;cpp</Extensions>
      <SourceControlFiles>False</SourceControlFiles>
    </Filter>
  </ItemGroup>
  <ItemGroup>
    <ClCompile Include="main.cpp">
      <Filter>Source Files</Filter>
    </ClCompile>
    <ClCompile Include="ZCIPSMainFrame.cpp">
      <Filter>Source Files</Filter>
    </ClCompile>
    <ClCompile Include="ImageData.cpp">
      <Filter>Source Files</Filter>
    </ClCompile>
    <ClCompile Include="ImageProcess.cpp">
      <Filter>Source Files</Filter>
    </ClCompile>
    <ClCompile Include="ImageInstance.cpp">
      <Filter>Source Files</Filter>
    </ClCompile>
    <ClCompile Include="TripleSlider.cpp">
      <Filter>Source Files</Filter>
    </ClCompile>
    <ClCompile Include="ImageDisplay.cpp">
      <Filter>Source Files</Filter>
    </ClCompile>
    <ClCompile Include="AreaSelect.cpp">
      <Filter>Source Files</Filter>
    </ClCompile>
    <ClCompile Include="MarcoPipeArea.cpp">
      <Filter>Source Files</Filter>
    </ClCompile>
    <ClCompile Include="Marco.cpp">
      <Filter>Source Files</Filter>
    </ClCompile>
    <ClCompile Include="AddMarcoWidget.cpp">
      <Filter>Source Files</Filter>
    </ClCompile>
    <ClCompile Include="FastBtnArea.cpp">
      <Filter>Source Files</Filter>
    </ClCompile>
    <ClCompile Include="LoadMarcoWidget.cpp">
      <Filter>Source Files</Filter>
    </ClCompile>
    <ClCompile Include="DataBaseProcess.cpp">
      <Filter>Source Files</Filter>
    </ClCompile>
    <ClCompile Include="ImageMark.cpp">
      <Filter>Source Files</Filter>
    </ClCompile>
    <ClCompile Include="ImageWidget.cpp">
      <Filter>Source Files</Filter>
    </ClCompile>
    <ClCompile Include="UndoRedo.cpp">
      <Filter>Source Files</Filter>
    </ClCompile>
  </ItemGroup>
  <ItemGroup>
    <QtMoc Include="ZCIPSMainFrame.h">
      <Filter>Header Files</Filter>
    </QtMoc>
    <QtMoc Include="TripleSlider.h">
      <Filter>Header Files</Filter>
    </QtMoc>
    <QtMoc Include="ImageDisplay.h">
      <Filter>Header Files</Filter>
    </QtMoc>
    <QtMoc Include="MarcoPipeArea.h">
      <Filter>Header Files</Filter>
    </QtMoc>
    <QtMoc Include="AddMarcoWidget.h">
      <Filter>Header Files</Filter>
    </QtMoc>
    <QtMoc Include="FastBtnArea.h">
      <Filter>Header Files</Filter>
    </QtMoc>
    <QtMoc Include="LoadMarcoWidget.h">
      <Filter>Header Files</Filter>
    </QtMoc>
    <QtMoc Include="ImageWidget.h">
      <Filter>Header Files</Filter>
    </QtMoc>
  </ItemGroup>
  <ItemGroup>
    <QtUic Include="ZCIPSMainFrame.ui">
      <Filter>Form Files</Filter>
    </QtUic>
  </ItemGroup>
  <ItemGroup>
    <QtRcc Include="ZCIPSMainFrame.qrc">
      <Filter>Resource Files</Filter>
    </QtRcc>
  </ItemGroup>
  <ItemGroup>
    <ClInclude Include="ImageData.h">
      <Filter>Header Files</Filter>
    </ClInclude>
    <ClInclude Include="FreeImage.h">
      <Filter>Header Files</Filter>
    </ClInclude>
    <ClInclude Include="ImageProcess.h">
      <Filter>Header Files</Filter>
    </ClInclude>
    <ClInclude Include="ERRInfo.h">
      <Filter>Header Files</Filter>
    </ClInclude>
    <ClInclude Include="ImageInstance.h">
      <Filter>Header Files</Filter>
    </ClInclude>
    <ClInclude Include="SubUI.h">
      <Filter>Header Files</Filter>
    </ClInclude>
    <ClInclude Include="AreaSelect.h">
      <Filter>Header Files</Filter>
    </ClInclude>
    <ClInclude Include="Marco.h">
      <Filter>Header Files</Filter>
    </ClInclude>
    <ClInclude Include="DataBaseProcess.h">
      <Filter>Header Files</Filter>
    </ClInclude>
    <ClInclude Include="ImageMark.h">
      <Filter>Header Files</Filter>
    </ClInclude>
    <ClInclude Include="UndoRedo.h">
      <Filter>Header Files</Filter>
    </ClInclude>
  </ItemGroup>
  <ItemGroup>
    <None Include="ClassDiagram.cd" />
  </ItemGroup>
</Project>